// !$*UTF8*$!
{
	archiveVersion = 1;
	classes = {
	};
	objectVersion = 56;
	objects = {

/* Begin PBXBuildFile section */
		9B93F0442B6C4A180040CD09 /* ThunderstormSwiftUIApp.swift in Sources */ = {isa = PBXBuildFile; fileRef = 9B93F0432B6C4A180040CD09 /* ThunderstormSwiftUIApp.swift */; };
		9B93F0482B6C4A1A0040CD09 /* Assets.xcassets in Resources */ = {isa = PBXBuildFile; fileRef = 9B93F0472B6C4A1A0040CD09 /* Assets.xcassets */; };
		9B93F04B2B6C4A1A0040CD09 /* Preview Assets.xcassets in Resources */ = {isa = PBXBuildFile; fileRef = 9B93F04A2B6C4A1A0040CD09 /* Preview Assets.xcassets */; };
		9B93F0572B6C520B0040CD09 /* LocationsView.swift in Sources */ = {isa = PBXBuildFile; fileRef = 9B93F0562B6C520B0040CD09 /* LocationsView.swift */; };
		9B93F05A2B6C52BF0040CD09 /* LocationsViewModel.swift in Sources */ = {isa = PBXBuildFile; fileRef = 9B93F0592B6C52BF0040CD09 /* LocationsViewModel.swift */; };
		9B93F05D2B6CF20B0040CD09 /* Location.swift in Sources */ = {isa = PBXBuildFile; fileRef = 9B93F05C2B6CF20B0040CD09 /* Location.swift */; };
		9B93F05F2B6D02EB0040CD09 /* LocationCellViewModel.swift in Sources */ = {isa = PBXBuildFile; fileRef = 9B93F05E2B6D02EB0040CD09 /* LocationCellViewModel.swift */; };
		9B93F0612B7266DC0040CD09 /* LocationCell.swift in Sources */ = {isa = PBXBuildFile; fileRef = 9B93F0602B7266DC0040CD09 /* LocationCell.swift */; };
		9B93F0642B72711C0040CD09 /* LocationView.swift in Sources */ = {isa = PBXBuildFile; fileRef = 9B93F0632B72711C0040CD09 /* LocationView.swift */; };
		9B93F0672B7271430040CD09 /* LocationViewModel.swift in Sources */ = {isa = PBXBuildFile; fileRef = 9B93F0662B7271430040CD09 /* LocationViewModel.swift */; };
		9B93F0692B7272980040CD09 /* CurrentConditionsView.swift in Sources */ = {isa = PBXBuildFile; fileRef = 9B93F0682B7272980040CD09 /* CurrentConditionsView.swift */; };
		9B93F06B2B7272A90040CD09 /* CurrentConditionsViewModel.swift in Sources */ = {isa = PBXBuildFile; fileRef = 9B93F06A2B7272A90040CD09 /* CurrentConditionsViewModel.swift */; };
		9B93F06D2B7272E30040CD09 /* ForecastView.swift in Sources */ = {isa = PBXBuildFile; fileRef = 9B93F06C2B7272E30040CD09 /* ForecastView.swift */; };
		9B93F06F2B7272EC0040CD09 /* ForecastViewModel.swift in Sources */ = {isa = PBXBuildFile; fileRef = 9B93F06E2B7272EC0040CD09 /* ForecastViewModel.swift */; };
		9B93F0712B727D860040CD09 /* ForecastCellViewModel.swift in Sources */ = {isa = PBXBuildFile; fileRef = 9B93F0702B727D860040CD09 /* ForecastCellViewModel.swift */; };
		9B93F0732B727DBB0040CD09 /* ForecastCell.swift in Sources */ = {isa = PBXBuildFile; fileRef = 9B93F0722B727DBB0040CD09 /* ForecastCell.swift */; };
		9B93F0782B73A2370040CD09 /* AddLocationView.swift in Sources */ = {isa = PBXBuildFile; fileRef = 9B93F0772B73A2370040CD09 /* AddLocationView.swift */; };
		9B93F07D2B73A2720040CD09 /* AddLocationViewModel.swift in Sources */ = {isa = PBXBuildFile; fileRef = 9B93F07C2B73A2720040CD09 /* AddLocationViewModel.swift */; };
		9B93F07F2B73A4750040CD09 /* AddLocationCell.swift in Sources */ = {isa = PBXBuildFile; fileRef = 9B93F07E2B73A4750040CD09 /* AddLocationCell.swift */; };
		9B93F0812B73A47D0040CD09 /* AddLocationCellViewModel.swift in Sources */ = {isa = PBXBuildFile; fileRef = 9B93F0802B73A47D0040CD09 /* AddLocationCellViewModel.swift */; };
/* End PBXBuildFile section */

/* Begin PBXFileReference section */
		9B93F0402B6C4A180040CD09 /* ThunderstormSwiftUI.app */ = {isa = PBXFileReference; explicitFileType = wrapper.application; includeInIndex = 0; path = ThunderstormSwiftUI.app; sourceTree = BUILT_PRODUCTS_DIR; };
		9B93F0432B6C4A180040CD09 /* ThunderstormSwiftUIApp.swift */ = {isa = PBXFileReference; lastKnownFileType = sourcecode.swift; path = ThunderstormSwiftUIApp.swift; sourceTree = "<group>"; };
		9B93F0472B6C4A1A0040CD09 /* Assets.xcassets */ = {isa = PBXFileReference; lastKnownFileType = folder.assetcatalog; path = Assets.xcassets; sourceTree = "<group>"; };
		9B93F04A2B6C4A1A0040CD09 /* Preview Assets.xcassets */ = {isa = PBXFileReference; lastKnownFileType = folder.assetcatalog; path = "Preview Assets.xcassets"; sourceTree = "<group>"; };
		9B93F0562B6C520B0040CD09 /* LocationsView.swift */ = {isa = PBXFileReference; lastKnownFileType = sourcecode.swift; path = LocationsView.swift; sourceTree = "<group>"; };
		9B93F0592B6C52BF0040CD09 /* LocationsViewModel.swift */ = {isa = PBXFileReference; lastKnownFileType = sourcecode.swift; path = LocationsViewModel.swift; sourceTree = "<group>"; };
		9B93F05C2B6CF20B0040CD09 /* Location.swift */ = {isa = PBXFileReference; lastKnownFileType = sourcecode.swift; path = Location.swift; sourceTree = "<group>"; };
		9B93F05E2B6D02EB0040CD09 /* LocationCellViewModel.swift */ = {isa = PBXFileReference; lastKnownFileType = sourcecode.swift; path = LocationCellViewModel.swift; sourceTree = "<group>"; };
		9B93F0602B7266DC0040CD09 /* LocationCell.swift */ = {isa = PBXFileReference; lastKnownFileType = sourcecode.swift; path = LocationCell.swift; sourceTree = "<group>"; };
		9B93F0632B72711C0040CD09 /* LocationView.swift */ = {isa = PBXFileReference; lastKnownFileType = sourcecode.swift; path = LocationView.swift; sourceTree = "<group>"; };
		9B93F0662B7271430040CD09 /* LocationViewModel.swift */ = {isa = PBXFileReference; lastKnownFileType = sourcecode.swift; path = LocationViewModel.swift; sourceTree = "<group>"; };
		9B93F0682B7272980040CD09 /* CurrentConditionsView.swift */ = {isa = PBXFileReference; lastKnownFileType = sourcecode.swift; path = CurrentConditionsView.swift; sourceTree = "<group>"; };
		9B93F06A2B7272A90040CD09 /* CurrentConditionsViewModel.swift */ = {isa = PBXFileReference; lastKnownFileType = sourcecode.swift; path = CurrentConditionsViewModel.swift; sourceTree = "<group>"; };
		9B93F06C2B7272E30040CD09 /* ForecastView.swift */ = {isa = PBXFileReference; lastKnownFileType = sourcecode.swift; path = ForecastView.swift; sourceTree = "<group>"; };
		9B93F06E2B7272EC0040CD09 /* ForecastViewModel.swift */ = {isa = PBXFileReference; lastKnownFileType = sourcecode.swift; path = ForecastViewModel.swift; sourceTree = "<group>"; };
		9B93F0702B727D860040CD09 /* ForecastCellViewModel.swift */ = {isa = PBXFileReference; lastKnownFileType = sourcecode.swift; path = ForecastCellViewModel.swift; sourceTree = "<group>"; };
		9B93F0722B727DBB0040CD09 /* ForecastCell.swift */ = {isa = PBXFileReference; lastKnownFileType = sourcecode.swift; path = ForecastCell.swift; sourceTree = "<group>"; };
		9B93F0772B73A2370040CD09 /* AddLocationView.swift */ = {isa = PBXFileReference; lastKnownFileType = sourcecode.swift; path = AddLocationView.swift; sourceTree = "<group>"; };
		9B93F07C2B73A2720040CD09 /* AddLocationViewModel.swift */ = {isa = PBXFileReference; lastKnownFileType = sourcecode.swift; path = AddLocationViewModel.swift; sourceTree = "<group>"; };
		9B93F07E2B73A4750040CD09 /* AddLocationCell.swift */ = {isa = PBXFileReference; lastKnownFileType = sourcecode.swift; path = AddLocationCell.swift; sourceTree = "<group>"; };
		9B93F0802B73A47D0040CD09 /* AddLocationCellViewModel.swift */ = {isa = PBXFileReference; lastKnownFileType = sourcecode.swift; path = AddLocationCellViewModel.swift; sourceTree = "<group>"; };
/* End PBXFileReference section */

/* Begin PBXFrameworksBuildPhase section */
		9B93F03D2B6C4A180040CD09 /* Frameworks */ = {
			isa = PBXFrameworksBuildPhase;
			buildActionMask = 2147483647;
			files = (
			);
			runOnlyForDeploymentPostprocessing = 0;
		};
/* End PBXFrameworksBuildPhase section */

/* Begin PBXGroup section */
		9B93F0372B6C4A180040CD09 = {
			isa = PBXGroup;
			children = (
				9B93F0422B6C4A180040CD09 /* ThunderstormSwiftUI */,
				9B93F0412B6C4A180040CD09 /* Products */,
			);
			sourceTree = "<group>";
		};
		9B93F0412B6C4A180040CD09 /* Products */ = {
			isa = PBXGroup;
			children = (
				9B93F0402B6C4A180040CD09 /* ThunderstormSwiftUI.app */,
			);
			name = Products;
			sourceTree = "<group>";
		};
		9B93F0422B6C4A180040CD09 /* ThunderstormSwiftUI */ = {
			isa = PBXGroup;
			children = (
				9B93F0532B6C51030040CD09 /* App */,
				9B93F05B2B6CF1D60040CD09 /* Models */,
				9B93F0522B6C50F40040CD09 /* Views */,
				9B93F0512B6C50D60040CD09 /* Resources */,
				9B93F0492B6C4A1A0040CD09 /* Preview Content */,
			);
			path = ThunderstormSwiftUI;
			sourceTree = "<group>";
		};
		9B93F0492B6C4A1A0040CD09 /* Preview Content */ = {
			isa = PBXGroup;
			children = (
				9B93F04A2B6C4A1A0040CD09 /* Preview Assets.xcassets */,
			);
			path = "Preview Content";
			sourceTree = "<group>";
		};
		9B93F0512B6C50D60040CD09 /* Resources */ = {
			isa = PBXGroup;
			children = (
				9B93F0472B6C4A1A0040CD09 /* Assets.xcassets */,
			);
			path = Resources;
			sourceTree = "<group>";
		};
		9B93F0522B6C50F40040CD09 /* Views */ = {
			isa = PBXGroup;
			children = (
				9B93F0542B6C51890040CD09 /* Locations */,
				9B93F0622B72710A0040CD09 /* Location */,
				9B93F0762B73A22A0040CD09 /* Add Location */,
			);
			path = Views;
			sourceTree = "<group>";
		};
		9B93F0532B6C51030040CD09 /* App */ = {
			isa = PBXGroup;
			children = (
				9B93F0432B6C4A180040CD09 /* ThunderstormSwiftUIApp.swift */,
			);
			path = App;
			sourceTree = "<group>";
		};
		9B93F0542B6C51890040CD09 /* Locations */ = {
			isa = PBXGroup;
			children = (
				9B93F0562B6C520B0040CD09 /* LocationsView.swift */,
				9B93F0602B7266DC0040CD09 /* LocationCell.swift */,
				9B93F0582B6C529C0040CD09 /* View Models */,
			);
			path = Locations;
			sourceTree = "<group>";
		};
		9B93F0582B6C529C0040CD09 /* View Models */ = {
			isa = PBXGroup;
			children = (
				9B93F0592B6C52BF0040CD09 /* LocationsViewModel.swift */,
				9B93F05E2B6D02EB0040CD09 /* LocationCellViewModel.swift */,
			);
			path = "View Models";
			sourceTree = "<group>";
		};
		9B93F05B2B6CF1D60040CD09 /* Models */ = {
			isa = PBXGroup;
			children = (
				9B93F05C2B6CF20B0040CD09 /* Location.swift */,
			);
			path = Models;
			sourceTree = "<group>";
		};
		9B93F0622B72710A0040CD09 /* Location */ = {
			isa = PBXGroup;
			children = (
				9B93F0632B72711C0040CD09 /* LocationView.swift */,
				9B93F0682B7272980040CD09 /* CurrentConditionsView.swift */,
				9B93F06C2B7272E30040CD09 /* ForecastView.swift */,
				9B93F0722B727DBB0040CD09 /* ForecastCell.swift */,
				9B93F0652B72712A0040CD09 /* View Models */,
			);
			path = Location;
			sourceTree = "<group>";
		};
		9B93F0652B72712A0040CD09 /* View Models */ = {
			isa = PBXGroup;
			children = (
				9B93F0662B7271430040CD09 /* LocationViewModel.swift */,
				9B93F06A2B7272A90040CD09 /* CurrentConditionsViewModel.swift */,
				9B93F06E2B7272EC0040CD09 /* ForecastViewModel.swift */,
				9B93F0702B727D860040CD09 /* ForecastCellViewModel.swift */,
			);
			path = "View Models";
			sourceTree = "<group>";
		};
		9B93F0762B73A22A0040CD09 /* Add Location */ = {
			isa = PBXGroup;
			children = (
				9B93F0772B73A2370040CD09 /* AddLocationView.swift */,
				9B93F07E2B73A4750040CD09 /* AddLocationCell.swift */,
				9B93F07B2B73A2600040CD09 /* ViewModels */,
			);
			path = "Add Location";
			sourceTree = "<group>";
		};
		9B93F07B2B73A2600040CD09 /* ViewModels */ = {
			isa = PBXGroup;
			children = (
				9B93F07C2B73A2720040CD09 /* AddLocationViewModel.swift */,
				9B93F0802B73A47D0040CD09 /* AddLocationCellViewModel.swift */,
			);
			path = ViewModels;
			sourceTree = "<group>";
		};
/* End PBXGroup section */

/* Begin PBXNativeTarget section */
		9B93F03F2B6C4A180040CD09 /* ThunderstormSwiftUI */ = {
			isa = PBXNativeTarget;
			buildConfigurationList = 9B93F04E2B6C4A1A0040CD09 /* Build configuration list for PBXNativeTarget "ThunderstormSwiftUI" */;
			buildPhases = (
				9B93F03C2B6C4A180040CD09 /* Sources */,
				9B93F03D2B6C4A180040CD09 /* Frameworks */,
				9B93F03E2B6C4A180040CD09 /* Resources */,
			);
			buildRules = (
			);
			dependencies = (
			);
			name = ThunderstormSwiftUI;
			productName = ThunderstormSwiftUI;
			productReference = 9B93F0402B6C4A180040CD09 /* ThunderstormSwiftUI.app */;
			productType = "com.apple.product-type.application";
		};
/* End PBXNativeTarget section */

/* Begin PBXProject section */
		9B93F0382B6C4A180040CD09 /* Project object */ = {
			isa = PBXProject;
			attributes = {
				BuildIndependentTargetsInParallel = 1;
				LastSwiftUpdateCheck = 1520;
				LastUpgradeCheck = 1520;
				TargetAttributes = {
					9B93F03F2B6C4A180040CD09 = {
						CreatedOnToolsVersion = 15.2;
					};
				};
			};
			buildConfigurationList = 9B93F03B2B6C4A180040CD09 /* Build configuration list for PBXProject "ThunderstormSwiftUI" */;
			compatibilityVersion = "Xcode 14.0";
			developmentRegion = en;
			hasScannedForEncodings = 0;
			knownRegions = (
				en,
				Base,
			);
			mainGroup = 9B93F0372B6C4A180040CD09;
			productRefGroup = 9B93F0412B6C4A180040CD09 /* Products */;
			projectDirPath = "";
			projectRoot = "";
			targets = (
				9B93F03F2B6C4A180040CD09 /* ThunderstormSwiftUI */,
			);
		};
/* End PBXProject section */

/* Begin PBXResourcesBuildPhase section */
		9B93F03E2B6C4A180040CD09 /* Resources */ = {
			isa = PBXResourcesBuildPhase;
			buildActionMask = 2147483647;
			files = (
				9B93F04B2B6C4A1A0040CD09 /* Preview Assets.xcassets in Resources */,
				9B93F0482B6C4A1A0040CD09 /* Assets.xcassets in Resources */,
			);
			runOnlyForDeploymentPostprocessing = 0;
		};
/* End PBXResourcesBuildPhase section */

/* Begin PBXSourcesBuildPhase section */
		9B93F03C2B6C4A180040CD09 /* Sources */ = {
			isa = PBXSourcesBuildPhase;
			buildActionMask = 2147483647;
			files = (
				9B93F07F2B73A4750040CD09 /* AddLocationCell.swift in Sources */,
				9B93F0782B73A2370040CD09 /* AddLocationView.swift in Sources */,
				9B93F06B2B7272A90040CD09 /* CurrentConditionsViewModel.swift in Sources */,
				9B93F0692B7272980040CD09 /* CurrentConditionsView.swift in Sources */,
				9B93F07D2B73A2720040CD09 /* AddLocationViewModel.swift in Sources */,
				9B93F0812B73A47D0040CD09 /* AddLocationCellViewModel.swift in Sources */,
				9B93F06D2B7272E30040CD09 /* ForecastView.swift in Sources */,
				9B93F0712B727D860040CD09 /* ForecastCellViewModel.swift in Sources */,
				9B93F0732B727DBB0040CD09 /* ForecastCell.swift in Sources */,
				9B93F0612B7266DC0040CD09 /* LocationCell.swift in Sources */,
				9B93F0572B6C520B0040CD09 /* LocationsView.swift in Sources */,
				9B93F0442B6C4A180040CD09 /* ThunderstormSwiftUIApp.swift in Sources */,
				9B93F05D2B6CF20B0040CD09 /* Location.swift in Sources */,
				9B93F0642B72711C0040CD09 /* LocationView.swift in Sources */,
				9B93F05A2B6C52BF0040CD09 /* LocationsViewModel.swift in Sources */,
				9B93F06F2B7272EC0040CD09 /* ForecastViewModel.swift in Sources */,
				9B93F05F2B6D02EB0040CD09 /* LocationCellViewModel.swift in Sources */,
				9B93F0672B7271430040CD09 /* LocationViewModel.swift in Sources */,
			);
			runOnlyForDeploymentPostprocessing = 0;
		};
/* End PBXSourcesBuildPhase section */

/* Begin XCBuildConfiguration section */
		9B93F04C2B6C4A1A0040CD09 /* Debug */ = {
			isa = XCBuildConfiguration;
			buildSettings = {
				ALWAYS_SEARCH_USER_PATHS = NO;
				ASSETCATALOG_COMPILER_GENERATE_SWIFT_ASSET_SYMBOL_EXTENSIONS = YES;
				CLANG_ANALYZER_NONNULL = YES;
				CLANG_ANALYZER_NUMBER_OBJECT_CONVERSION = YES_AGGRESSIVE;
				CLANG_CXX_LANGUAGE_STANDARD = "gnu++20";
				CLANG_ENABLE_MODULES = YES;
				CLANG_ENABLE_OBJC_ARC = YES;
				CLANG_ENABLE_OBJC_WEAK = YES;
				CLANG_WARN_BLOCK_CAPTURE_AUTORELEASING = YES;
				CLANG_WARN_BOOL_CONVERSION = YES;
				CLANG_WARN_COMMA = YES;
				CLANG_WARN_CONSTANT_CONVERSION = YES;
				CLANG_WARN_DEPRECATED_OBJC_IMPLEMENTATIONS = YES;
				CLANG_WARN_DIRECT_OBJC_ISA_USAGE = YES_ERROR;
				CLANG_WARN_DOCUMENTATION_COMMENTS = YES;
				CLANG_WARN_EMPTY_BODY = YES;
				CLANG_WARN_ENUM_CONVERSION = YES;
				CLANG_WARN_INFINITE_RECURSION = YES;
				CLANG_WARN_INT_CONVERSION = YES;
				CLANG_WARN_NON_LITERAL_NULL_CONVERSION = YES;
				CLANG_WARN_OBJC_IMPLICIT_RETAIN_SELF = YES;
				CLANG_WARN_OBJC_LITERAL_CONVERSION = YES;
				CLANG_WARN_OBJC_ROOT_CLASS = YES_ERROR;
				CLANG_WARN_QUOTED_INCLUDE_IN_FRAMEWORK_HEADER = YES;
				CLANG_WARN_RANGE_LOOP_ANALYSIS = YES;
				CLANG_WARN_STRICT_PROTOTYPES = YES;
				CLANG_WARN_SUSPICIOUS_MOVE = YES;
				CLANG_WARN_UNGUARDED_AVAILABILITY = YES_AGGRESSIVE;
				CLANG_WARN_UNREACHABLE_CODE = YES;
				CLANG_WARN__DUPLICATE_METHOD_MATCH = YES;
				COPY_PHASE_STRIP = NO;
				DEBUG_INFORMATION_FORMAT = dwarf;
				ENABLE_STRICT_OBJC_MSGSEND = YES;
				ENABLE_TESTABILITY = YES;
				ENABLE_USER_SCRIPT_SANDBOXING = YES;
				GCC_C_LANGUAGE_STANDARD = gnu17;
				GCC_DYNAMIC_NO_PIC = NO;
				GCC_NO_COMMON_BLOCKS = YES;
				GCC_OPTIMIZATION_LEVEL = 0;
				GCC_PREPROCESSOR_DEFINITIONS = (
					"DEBUG=1",
					"$(inherited)",
				);
				GCC_WARN_64_TO_32_BIT_CONVERSION = YES;
				GCC_WARN_ABOUT_RETURN_TYPE = YES_ERROR;
				GCC_WARN_UNDECLARED_SELECTOR = YES;
				GCC_WARN_UNINITIALIZED_AUTOS = YES_AGGRESSIVE;
				GCC_WARN_UNUSED_FUNCTION = YES;
				GCC_WARN_UNUSED_VARIABLE = YES;
				IPHONEOS_DEPLOYMENT_TARGET = 17.2;
				LOCALIZATION_PREFERS_STRING_CATALOGS = YES;
				MTL_ENABLE_DEBUG_INFO = INCLUDE_SOURCE;
				MTL_FAST_MATH = YES;
				ONLY_ACTIVE_ARCH = YES;
				SDKROOT = iphoneos;
				SWIFT_ACTIVE_COMPILATION_CONDITIONS = "DEBUG $(inherited)";
				SWIFT_OPTIMIZATION_LEVEL = "-Onone";
			};
			name = Debug;
		};
		9B93F04D2B6C4A1A0040CD09 /* Release */ = {
			isa = XCBuildConfiguration;
			buildSettings = {
				ALWAYS_SEARCH_USER_PATHS = NO;
				ASSETCATALOG_COMPILER_GENERATE_SWIFT_ASSET_SYMBOL_EXTENSIONS = YES;
				CLANG_ANALYZER_NONNULL = YES;
				CLANG_ANALYZER_NUMBER_OBJECT_CONVERSION = YES_AGGRESSIVE;
				CLANG_CXX_LANGUAGE_STANDARD = "gnu++20";
				CLANG_ENABLE_MODULES = YES;
				CLANG_ENABLE_OBJC_ARC = YES;
				CLANG_ENABLE_OBJC_WEAK = YES;
				CLANG_WARN_BLOCK_CAPTURE_AUTORELEASING = YES;
				CLANG_WARN_BOOL_CONVERSION = YES;
				CLANG_WARN_COMMA = YES;
				CLANG_WARN_CONSTANT_CONVERSION = YES;
				CLANG_WARN_DEPRECATED_OBJC_IMPLEMENTATIONS = YES;
				CLANG_WARN_DIRECT_OBJC_ISA_USAGE = YES_ERROR;
				CLANG_WARN_DOCUMENTATION_COMMENTS = YES;
				CLANG_WARN_EMPTY_BODY = YES;
				CLANG_WARN_ENUM_CONVERSION = YES;
				CLANG_WARN_INFINITE_RECURSION = YES;
				CLANG_WARN_INT_CONVERSION = YES;
				CLANG_WARN_NON_LITERAL_NULL_CONVERSION = YES;
				CLANG_WARN_OBJC_IMPLICIT_RETAIN_SELF = YES;
				CLANG_WARN_OBJC_LITERAL_CONVERSION = YES;
				CLANG_WARN_OBJC_ROOT_CLASS = YES_ERROR;
				CLANG_WARN_QUOTED_INCLUDE_IN_FRAMEWORK_HEADER = YES;
				CLANG_WARN_RANGE_LOOP_ANALYSIS = YES;
				CLANG_WARN_STRICT_PROTOTYPES = YES;
				CLANG_WARN_SUSPICIOUS_MOVE = YES;
				CLANG_WARN_UNGUARDED_AVAILABILITY = YES_AGGRESSIVE;
				CLANG_WARN_UNREACHABLE_CODE = YES;
				CLANG_WARN__DUPLICATE_METHOD_MATCH = YES;
				COPY_PHASE_STRIP = NO;
				DEBUG_INFORMATION_FORMAT = "dwarf-with-dsym";
				ENABLE_NS_ASSERTIONS = NO;
				ENABLE_STRICT_OBJC_MSGSEND = YES;
				ENABLE_USER_SCRIPT_SANDBOXING = YES;
				GCC_C_LANGUAGE_STANDARD = gnu17;
				GCC_NO_COMMON_BLOCKS = YES;
				GCC_WARN_64_TO_32_BIT_CONVERSION = YES;
				GCC_WARN_ABOUT_RETURN_TYPE = YES_ERROR;
				GCC_WARN_UNDECLARED_SELECTOR = YES;
				GCC_WARN_UNINITIALIZED_AUTOS = YES_AGGRESSIVE;
				GCC_WARN_UNUSED_FUNCTION = YES;
				GCC_WARN_UNUSED_VARIABLE = YES;
				IPHONEOS_DEPLOYMENT_TARGET = 17.2;
				LOCALIZATION_PREFERS_STRING_CATALOGS = YES;
				MTL_ENABLE_DEBUG_INFO = NO;
				MTL_FAST_MATH = YES;
				SDKROOT = iphoneos;
				SWIFT_COMPILATION_MODE = wholemodule;
				VALIDATE_PRODUCT = YES;
			};
			name = Release;
		};
		9B93F04F2B6C4A1A0040CD09 /* Debug */ = {
			isa = XCBuildConfiguration;
			buildSettings = {
				ASSETCATALOG_COMPILER_APPICON_NAME = AppIcon;
				ASSETCATALOG_COMPILER_GLOBAL_ACCENT_COLOR_NAME = AccentColor;
				CODE_SIGN_STYLE = Automatic;
				CURRENT_PROJECT_VERSION = 1;
				DEVELOPMENT_ASSET_PATHS = "\"ThunderstormSwiftUI/Preview Content\"";
				DEVELOPMENT_TEAM = 6CJ98NSPAD;
				ENABLE_PREVIEWS = YES;
				GENERATE_INFOPLIST_FILE = YES;
				INFOPLIST_KEY_UIApplicationSceneManifest_Generation = YES;
				INFOPLIST_KEY_UIApplicationSupportsIndirectInputEvents = YES;
				INFOPLIST_KEY_UILaunchScreen_Generation = YES;
				INFOPLIST_KEY_UISupportedInterfaceOrientations_iPad = "UIInterfaceOrientationPortrait UIInterfaceOrientationPortraitUpsideDown UIInterfaceOrientationLandscapeLeft UIInterfaceOrientationLandscapeRight";
				INFOPLIST_KEY_UISupportedInterfaceOrientations_iPhone = "UIInterfaceOrientationPortrait UIInterfaceOrientationLandscapeLeft UIInterfaceOrientationLandscapeRight";
				IPHONEOS_DEPLOYMENT_TARGET = 17.0;
				LD_RUNPATH_SEARCH_PATHS = (
					"$(inherited)",
					"@executable_path/Frameworks",
				);
				MARKETING_VERSION = 1.0;
				PRODUCT_BUNDLE_IDENTIFIER = com.macmartins.ThunderstormSwiftUI;
				PRODUCT_NAME = "$(TARGET_NAME)";
				SWIFT_EMIT_LOC_STRINGS = YES;
				SWIFT_VERSION = 5.0;
				TARGETED_DEVICE_FAMILY = "1,2";
			};
			name = Debug;
		};
		9B93F0502B6C4A1A0040CD09 /* Release */ = {
			isa = XCBuildConfiguration;
			buildSettings = {
				ASSETCATALOG_COMPILER_APPICON_NAME = AppIcon;
				ASSETCATALOG_COMPILER_GLOBAL_ACCENT_COLOR_NAME = AccentColor;
				CODE_SIGN_STYLE = Automatic;
				CURRENT_PROJECT_VERSION = 1;
				DEVELOPMENT_ASSET_PATHS = "\"ThunderstormSwiftUI/Preview Content\"";
				DEVELOPMENT_TEAM = 6CJ98NSPAD;
				ENABLE_PREVIEWS = YES;
				GENERATE_INFOPLIST_FILE = YES;
				INFOPLIST_KEY_UIApplicationSceneManifest_Generation = YES;
				INFOPLIST_KEY_UIApplicationSupportsIndirectInputEvents = YES;
				INFOPLIST_KEY_UILaunchScreen_Generation = YES;
				INFOPLIST_KEY_UISupportedInterfaceOrientations_iPad = "UIInterfaceOrientationPortrait UIInterfaceOrientationPortraitUpsideDown UIInterfaceOrientationLandscapeLeft UIInterfaceOrientationLandscapeRight";
				INFOPLIST_KEY_UISupportedInterfaceOrientations_iPhone = "UIInterfaceOrientationPortrait UIInterfaceOrientationLandscapeLeft UIInterfaceOrientationLandscapeRight";
				IPHONEOS_DEPLOYMENT_TARGET = 17.0;
				LD_RUNPATH_SEARCH_PATHS = (
					"$(inherited)",
					"@executable_path/Frameworks",
				);
				MARKETING_VERSION = 1.0;
				PRODUCT_BUNDLE_IDENTIFIER = com.macmartins.ThunderstormSwiftUI;
				PRODUCT_NAME = "$(TARGET_NAME)";
				SWIFT_EMIT_LOC_STRINGS = YES;
				SWIFT_VERSION = 5.0;
				TARGETED_DEVICE_FAMILY = "1,2";
			};
			name = Release;
		};
/* End XCBuildConfiguration section */

/* Begin XCConfigurationList section */
		9B93F03B2B6C4A180040CD09 /* Build configuration list for PBXProject "ThunderstormSwiftUI" */ = {
			isa = XCConfigurationList;
			buildConfigurations = (
				9B93F04C2B6C4A1A0040CD09 /* Debug */,
				9B93F04D2B6C4A1A0040CD09 /* Release */,
			);
			defaultConfigurationIsVisible = 0;
			defaultConfigurationName = Release;
		};
		9B93F04E2B6C4A1A0040CD09 /* Build configuration list for PBXNativeTarget "ThunderstormSwiftUI" */ = {
			isa = XCConfigurationList;
			buildConfigurations = (
				9B93F04F2B6C4A1A0040CD09 /* Debug */,
				9B93F0502B6C4A1A0040CD09 /* Release */,
			);
			defaultConfigurationIsVisible = 0;
			defaultConfigurationName = Release;
		};
/* End XCConfigurationList section */
	};
	rootObject = 9B93F0382B6C4A180040CD09 /* Project object */;
}
